// !$*UTF8*$!
{
	archiveVersion = 1;
	classes = {
	};
	objectVersion = 50;
	objects = {

/* Begin PBXBuildFile section */
		D10F61B123B60F0900CC3675 /* Constants.swift in Sources */ = {isa = PBXBuildFile; fileRef = D10F61B023B60F0900CC3675 /* Constants.swift */; };
		D11E882F23B5ED3A00406E6B /* AppDelegate.swift in Sources */ = {isa = PBXBuildFile; fileRef = D11E882E23B5ED3A00406E6B /* AppDelegate.swift */; };
		D11E883323B5ED3B00406E6B /* Assets.xcassets in Resources */ = {isa = PBXBuildFile; fileRef = D11E883223B5ED3B00406E6B /* Assets.xcassets */; };
		D11E883623B5ED3B00406E6B /* Main.storyboard in Resources */ = {isa = PBXBuildFile; fileRef = D11E883423B5ED3B00406E6B /* Main.storyboard */; };
		D11E884323B5ED9D00406E6B /* SecondMenuViewController.swift in Sources */ = {isa = PBXBuildFile; fileRef = D11E884223B5ED9D00406E6B /* SecondMenuViewController.swift */; };
		D11E884523B5EDA900406E6B /* MenuViewController.swift in Sources */ = {isa = PBXBuildFile; fileRef = D11E884423B5EDA900406E6B /* MenuViewController.swift */; };
		D11E884723B5EDB700406E6B /* GetCurrentGames.swift in Sources */ = {isa = PBXBuildFile; fileRef = D11E884623B5EDB700406E6B /* GetCurrentGames.swift */; };
/* End PBXBuildFile section */

/* Begin PBXFileReference section */
		D10F61B023B60F0900CC3675 /* Constants.swift */ = {isa = PBXFileReference; lastKnownFileType = sourcecode.swift; path = Constants.swift; sourceTree = "<group>"; };
		D11E882B23B5ED3A00406E6B /* TwitchClient.app */ = {isa = PBXFileReference; explicitFileType = wrapper.application; includeInIndex = 0; path = TwitchClient.app; sourceTree = BUILT_PRODUCTS_DIR; };
		D11E882E23B5ED3A00406E6B /* AppDelegate.swift */ = {isa = PBXFileReference; lastKnownFileType = sourcecode.swift; path = AppDelegate.swift; sourceTree = "<group>"; };
		D11E883223B5ED3B00406E6B /* Assets.xcassets */ = {isa = PBXFileReference; lastKnownFileType = folder.assetcatalog; path = Assets.xcassets; sourceTree = "<group>"; };
		D11E883523B5ED3B00406E6B /* Base */ = {isa = PBXFileReference; lastKnownFileType = file.storyboard; name = Base; path = Base.lproj/Main.storyboard; sourceTree = "<group>"; };
		D11E883723B5ED3B00406E6B /* Info.plist */ = {isa = PBXFileReference; lastKnownFileType = text.plist.xml; path = Info.plist; sourceTree = "<group>"; };
		D11E883823B5ED3B00406E6B /* TwitchClient.entitlements */ = {isa = PBXFileReference; lastKnownFileType = text.plist.entitlements; path = TwitchClient.entitlements; sourceTree = "<group>"; };
		D11E884223B5ED9D00406E6B /* SecondMenuViewController.swift */ = {isa = PBXFileReference; lastKnownFileType = sourcecode.swift; path = SecondMenuViewController.swift; sourceTree = "<group>"; };
		D11E884423B5EDA900406E6B /* MenuViewController.swift */ = {isa = PBXFileReference; lastKnownFileType = sourcecode.swift; path = MenuViewController.swift; sourceTree = "<group>"; };
		D11E884623B5EDB700406E6B /* GetCurrentGames.swift */ = {isa = PBXFileReference; lastKnownFileType = sourcecode.swift; path = GetCurrentGames.swift; sourceTree = "<group>"; };
/* End PBXFileReference section */

/* Begin PBXFrameworksBuildPhase section */
		D11E882823B5ED3A00406E6B /* Frameworks */ = {
			isa = PBXFrameworksBuildPhase;
			buildActionMask = 2147483647;
			files = (
			);
			runOnlyForDeploymentPostprocessing = 0;
		};
/* End PBXFrameworksBuildPhase section */

/* Begin PBXGroup section */
		D11E882223B5ED3A00406E6B = {
			isa = PBXGroup;
			children = (
				D11E882D23B5ED3A00406E6B /* TwitchClient */,
				D11E882C23B5ED3A00406E6B /* Products */,
			);
			sourceTree = "<group>";
		};
		D11E882C23B5ED3A00406E6B /* Products */ = {
			isa = PBXGroup;
			children = (
				D11E882B23B5ED3A00406E6B /* TwitchClient.app */,
			);
			name = Products;
			sourceTree = "<group>";
		};
		D11E882D23B5ED3A00406E6B /* TwitchClient */ = {
			isa = PBXGroup;
			children = (
				D11E882E23B5ED3A00406E6B /* AppDelegate.swift */,
				D11E884423B5EDA900406E6B /* MenuViewController.swift */,
				D11E884223B5ED9D00406E6B /* SecondMenuViewController.swift */,
				D11E884623B5EDB700406E6B /* GetCurrentGames.swift */,
				D10F61B023B60F0900CC3675 /* Constants.swift */,
				D11E883223B5ED3B00406E6B /* Assets.xcassets */,
				D11E883423B5ED3B00406E6B /* Main.storyboard */,
				D11E883723B5ED3B00406E6B /* Info.plist */,
				D11E883823B5ED3B00406E6B /* TwitchClient.entitlements */,
			);
			path = TwitchClient;
			sourceTree = "<group>";
		};
/* End PBXGroup section */

/* Begin PBXNativeTarget section */
		D11E882A23B5ED3A00406E6B /* TwitchClient */ = {
			isa = PBXNativeTarget;
			buildConfigurationList = D11E883B23B5ED3B00406E6B /* Build configuration list for PBXNativeTarget "TwitchClient" */;
			buildPhases = (
				D11E882723B5ED3A00406E6B /* Sources */,
				D11E882823B5ED3A00406E6B /* Frameworks */,
				D11E882923B5ED3A00406E6B /* Resources */,
			);
			buildRules = (
			);
			dependencies = (
			);
			name = TwitchClient;
			productName = TwitchClient;
			productReference = D11E882B23B5ED3A00406E6B /* TwitchClient.app */;
			productType = "com.apple.product-type.application";
		};
/* End PBXNativeTarget section */

/* Begin PBXProject section */
		D11E882323B5ED3A00406E6B /* Project object */ = {
			isa = PBXProject;
			attributes = {
				LastSwiftUpdateCheck = 1100;
				LastUpgradeCheck = 1100;
				ORGANIZATIONNAME = "Artem Klimkin";
				TargetAttributes = {
					D11E882A23B5ED3A00406E6B = {
						CreatedOnToolsVersion = 11.0;
					};
				};
			};
			buildConfigurationList = D11E882623B5ED3A00406E6B /* Build configuration list for PBXProject "TwitchClient" */;
			compatibilityVersion = "Xcode 9.3";
			developmentRegion = en;
			hasScannedForEncodings = 0;
			knownRegions = (
				en,
				Base,
			);
			mainGroup = D11E882223B5ED3A00406E6B;
			productRefGroup = D11E882C23B5ED3A00406E6B /* Products */;
			projectDirPath = "";
			projectRoot = "";
			targets = (
				D11E882A23B5ED3A00406E6B /* TwitchClient */,
			);
		};
/* End PBXProject section */

/* Begin PBXResourcesBuildPhase section */
		D11E882923B5ED3A00406E6B /* Resources */ = {
			isa = PBXResourcesBuildPhase;
			buildActionMask = 2147483647;
			files = (
				D11E883323B5ED3B00406E6B /* Assets.xcassets in Resources */,
				D11E883623B5ED3B00406E6B /* Main.storyboard in Resources */,
			);
			runOnlyForDeploymentPostprocessing = 0;
		};
/* End PBXResourcesBuildPhase section */

/* Begin PBXSourcesBuildPhase section */
		D11E882723B5ED3A00406E6B /* Sources */ = {
			isa = PBXSourcesBuildPhase;
			buildActionMask = 2147483647;
			files = (
				D11E884723B5EDB700406E6B /* GetCurrentGames.swift in Sources */,
				D11E882F23B5ED3A00406E6B /* AppDelegate.swift in Sources */,
				D11E884323B5ED9D00406E6B /* SecondMenuViewController.swift in Sources */,
				D11E884523B5EDA900406E6B /* MenuViewController.swift in Sources */,
				D10F61B123B60F0900CC3675 /* Constants.swift in Sources */,
			);
			runOnlyForDeploymentPostprocessing = 0;
		};
/* End PBXSourcesBuildPhase section */

/* Begin PBXVariantGroup section */
		D11E883423B5ED3B00406E6B /* Main.storyboard */ = {
			isa = PBXVariantGroup;
			children = (
				D11E883523B5ED3B00406E6B /* Base */,
			);
			name = Main.storyboard;
			sourceTree = "<group>";
		};
/* End PBXVariantGroup section */

/* Begin XCBuildConfiguration section */
		D11E883923B5ED3B00406E6B /* Debug */ = {
			isa = XCBuildConfiguration;
			buildSettings = {
				ALWAYS_SEARCH_USER_PATHS = NO;
				CLANG_ANALYZER_NONNULL = YES;
				CLANG_ANALYZER_NUMBER_OBJECT_CONVERSION = YES_AGGRESSIVE;
				CLANG_CXX_LANGUAGE_STANDARD = "gnu++14";
				CLANG_CXX_LIBRARY = "libc++";
				CLANG_ENABLE_MODULES = YES;
				CLANG_ENABLE_OBJC_ARC = YES;
				CLANG_ENABLE_OBJC_WEAK = YES;
				CLANG_WARN_BLOCK_CAPTURE_AUTORELEASING = YES;
				CLANG_WARN_BOOL_CONVERSION = YES;
				CLANG_WARN_COMMA = YES;
				CLANG_WARN_CONSTANT_CONVERSION = YES;
				CLANG_WARN_DEPRECATED_OBJC_IMPLEMENTATIONS = YES;
				CLANG_WARN_DIRECT_OBJC_ISA_USAGE = YES_ERROR;
				CLANG_WARN_DOCUMENTATION_COMMENTS = YES;
				CLANG_WARN_EMPTY_BODY = YES;
				CLANG_WARN_ENUM_CONVERSION = YES;
				CLANG_WARN_INFINITE_RECURSION = YES;
				CLANG_WARN_INT_CONVERSION = YES;
				CLANG_WARN_NON_LITERAL_NULL_CONVERSION = YES;
				CLANG_WARN_OBJC_IMPLICIT_RETAIN_SELF = YES;
				CLANG_WARN_OBJC_LITERAL_CONVERSION = YES;
				CLANG_WARN_OBJC_ROOT_CLASS = YES_ERROR;
				CLANG_WARN_RANGE_LOOP_ANALYSIS = YES;
				CLANG_WARN_STRICT_PROTOTYPES = YES;
				CLANG_WARN_SUSPICIOUS_MOVE = YES;
				CLANG_WARN_UNGUARDED_AVAILABILITY = YES_AGGRESSIVE;
				CLANG_WARN_UNREACHABLE_CODE = YES;
				CLANG_WARN__DUPLICATE_METHOD_MATCH = YES;
				COPY_PHASE_STRIP = NO;
				DEBUG_INFORMATION_FORMAT = dwarf;
				ENABLE_STRICT_OBJC_MSGSEND = YES;
				ENABLE_TESTABILITY = YES;
				GCC_C_LANGUAGE_STANDARD = gnu11;
				GCC_DYNAMIC_NO_PIC = NO;
				GCC_NO_COMMON_BLOCKS = YES;
				GCC_OPTIMIZATION_LEVEL = 0;
				GCC_PREPROCESSOR_DEFINITIONS = (
					"DEBUG=1",
					"$(inherited)",
				);
				GCC_WARN_64_TO_32_BIT_CONVERSION = YES;
				GCC_WARN_ABOUT_RETURN_TYPE = YES_ERROR;
				GCC_WARN_UNDECLARED_SELECTOR = YES;
				GCC_WARN_UNINITIALIZED_AUTOS = YES_AGGRESSIVE;
				GCC_WARN_UNUSED_FUNCTION = YES;
				GCC_WARN_UNUSED_VARIABLE = YES;
				MACOSX_DEPLOYMENT_TARGET = 10.14;
				MTL_ENABLE_DEBUG_INFO = INCLUDE_SOURCE;
				MTL_FAST_MATH = YES;
				ONLY_ACTIVE_ARCH = YES;
				SDKROOT = macosx;
				SWIFT_ACTIVE_COMPILATION_CONDITIONS = DEBUG;
				SWIFT_OPTIMIZATION_LEVEL = "-Onone";
			};
			name = Debug;
		};
		D11E883A23B5ED3B00406E6B /* Release */ = {
			isa = XCBuildConfiguration;
			buildSettings = {
				ALWAYS_SEARCH_USER_PATHS = NO;
				CLANG_ANALYZER_NONNULL = YES;
				CLANG_ANALYZER_NUMBER_OBJECT_CONVERSION = YES_AGGRESSIVE;
				CLANG_CXX_LANGUAGE_STANDARD = "gnu++14";
				CLANG_CXX_LIBRARY = "libc++";
				CLANG_ENABLE_MODULES = YES;
				CLANG_ENABLE_OBJC_ARC = YES;
				CLANG_ENABLE_OBJC_WEAK = YES;
				CLANG_WARN_BLOCK_CAPTURE_AUTORELEASING = YES;
				CLANG_WARN_BOOL_CONVERSION = YES;
				CLANG_WARN_COMMA = YES;
				CLANG_WARN_CONSTANT_CONVERSION = YES;
				CLANG_WARN_DEPRECATED_OBJC_IMPLEMENTATIONS = YES;
				CLANG_WARN_DIRECT_OBJC_ISA_USAGE = YES_ERROR;
				CLANG_WARN_DOCUMENTATION_COMMENTS = YES;
				CLANG_WARN_EMPTY_BODY = YES;
				CLANG_WARN_ENUM_CONVERSION = YES;
				CLANG_WARN_INFINITE_RECURSION = YES;
				CLANG_WARN_INT_CONVERSION = YES;
				CLANG_WARN_NON_LITERAL_NULL_CONVERSION = YES;
				CLANG_WARN_OBJC_IMPLICIT_RETAIN_SELF = YES;
				CLANG_WARN_OBJC_LITERAL_CONVERSION = YES;
				CLANG_WARN_OBJC_ROOT_CLASS = YES_ERROR;
				CLANG_WARN_RANGE_LOOP_ANALYSIS = YES;
				CLANG_WARN_STRICT_PROTOTYPES = YES;
				CLANG_WARN_SUSPICIOUS_MOVE = YES;
				CLANG_WARN_UNGUARDED_AVAILABILITY = YES_AGGRESSIVE;
				CLANG_WARN_UNREACHABLE_CODE = YES;
				CLANG_WARN__DUPLICATE_METHOD_MATCH = YES;
				COPY_PHASE_STRIP = NO;
				DEBUG_INFORMATION_FORMAT = "dwarf-with-dsym";
				ENABLE_NS_ASSERTIONS = NO;
				ENABLE_STRICT_OBJC_MSGSEND = YES;
				GCC_C_LANGUAGE_STANDARD = gnu11;
				GCC_NO_COMMON_BLOCKS = YES;
				GCC_WARN_64_TO_32_BIT_CONVERSION = YES;
				GCC_WARN_ABOUT_RETURN_TYPE = YES_ERROR;
				GCC_WARN_UNDECLARED_SELECTOR = YES;
				GCC_WARN_UNINITIALIZED_AUTOS = YES_AGGRESSIVE;
				GCC_WARN_UNUSED_FUNCTION = YES;
				GCC_WARN_UNUSED_VARIABLE = YES;
				MACOSX_DEPLOYMENT_TARGET = 10.14;
				MTL_ENABLE_DEBUG_INFO = NO;
				MTL_FAST_MATH = YES;
				SDKROOT = macosx;
				SWIFT_COMPILATION_MODE = wholemodule;
				SWIFT_OPTIMIZATION_LEVEL = "-O";
			};
			name = Release;
		};
		D11E883C23B5ED3B00406E6B /* Debug */ = {
			isa = XCBuildConfiguration;
			buildSettings = {
				ASSETCATALOG_COMPILER_APPICON_NAME = AppIcon;
				CODE_SIGN_ENTITLEMENTS = TwitchClient/TwitchClient.entitlements;
				CODE_SIGN_STYLE = Automatic;
				COMBINE_HIDPI_IMAGES = YES;
				DEVELOPMENT_TEAM = J4G62DQ956;
				ENABLE_HARDENED_RUNTIME = YES;
				INFOPLIST_FILE = TwitchClient/Info.plist;
				LD_RUNPATH_SEARCH_PATHS = (
					"$(inherited)",
					"@executable_path/../Frameworks",
				);
				PRODUCT_BUNDLE_IDENTIFIER = com.ArtemKlimkin.TwitchClient;
				PRODUCT_NAME = "$(TARGET_NAME)";
				SWIFT_VERSION = 5.0;
			};
			name = Debug;
		};
		D11E883D23B5ED3B00406E6B /* Release */ = {
			isa = XCBuildConfiguration;
			buildSettings = {
				ASSETCATALOG_COMPILER_APPICON_NAME = AppIcon;
				CODE_SIGN_ENTITLEMENTS = TwitchClient/TwitchClient.entitlements;
				CODE_SIGN_STYLE = Automatic;
				COMBINE_HIDPI_IMAGES = YES;
				DEVELOPMENT_TEAM = J4G62DQ956;
				ENABLE_HARDENED_RUNTIME = YES;
				INFOPLIST_FILE = TwitchClient/Info.plist;
				LD_RUNPATH_SEARCH_PATHS = (
					"$(inherited)",
					"@executable_path/../Frameworks",
				);
				PRODUCT_BUNDLE_IDENTIFIER = com.ArtemKlimkin.TwitchClient;
				PRODUCT_NAME = "$(TARGET_NAME)";
				SWIFT_VERSION = 5.0;
			};
			name = Release;
		};
/* End XCBuildConfiguration section */

/* Begin XCConfigurationList section */
		D11E882623B5ED3A00406E6B /* Build configuration list for PBXProject "TwitchClient" */ = {
			isa = XCConfigurationList;
			buildConfigurations = (
				D11E883923B5ED3B00406E6B /* Debug */,
				D11E883A23B5ED3B00406E6B /* Release */,
			);
			defaultConfigurationIsVisible = 0;
			defaultConfigurationName = Release;
		};
		D11E883B23B5ED3B00406E6B /* Build configuration list for PBXNativeTarget "TwitchClient" */ = {
			isa = XCConfigurationList;
			buildConfigurations = (
				D11E883C23B5ED3B00406E6B /* Debug */,
				D11E883D23B5ED3B00406E6B /* Release */,
			);
			defaultConfigurationIsVisible = 0;
			defaultConfigurationName = Release;
		};
/* End XCConfigurationList section */
	};
	rootObject = D11E882323B5ED3A00406E6B /* Project object */;
}
